{
  "name": "google-search-sidebar",
  "version": "0.3.6",
  "lockfileVersion": 1,
  "requires": true,
  "dependencies": {
    "ansi-regex": {
      "version": "2.1.1",
      "resolved": "https://registry.npmjs.org/ansi-regex/-/ansi-regex-2.1.1.tgz",
      "integrity": "sha1-w7M6te42DYbg5ijwRorn7yfWVN8=",
      "dev": true
    },
    "binary-extensions": {
      "version": "2.0.0",
      "resolved": "https://registry.npmjs.org/binary-extensions/-/binary-extensions-2.0.0.tgz",
      "integrity": "sha512-Phlt0plgpIIBOGTT/ehfFnbNlfsDEiqmzE2KRXoX1bLIlir4X/MR+zSyBEkL05ffWgnRSf/DXv+WrUAVr93/ow==",
      "dev": true
    },
    "clean-css": {
      "version": "4.2.1",
      "resolved": "https://registry.npmjs.org/clean-css/-/clean-css-4.2.1.tgz",
      "integrity": "sha512-4ZxI6dy4lrY6FHzfiy1aEOXgu4LIsW2MhwG0VBKdcoGoH/XLFgaHSdLTGr4O8Be6A8r3MOphEiI8Gc1n0ecf3g==",
      "dev": true,
      "requires": {
        "source-map": "~0.6.0"
      }
    },
    "config-locator": {
      "version": "0.1.0",
      "resolved": "https://registry.npmjs.org/config-locator/-/config-locator-0.1.0.tgz",
      "integrity": "sha512-yh6vVNie2QLLZktXS95Cm6C3fbzhf/yMnAH/OG/TIK1ZKaRIuhvOuQDr8u/loAPvswCbX46KO/9rUvrVVY1BTw==",
      "dev": true,
      "requires": {
        "node-require-async": "^0.2.0"
      }
    },
    "fs-extra": {
      "version": "6.0.1",
      "resolved": "https://registry.npmjs.org/fs-extra/-/fs-extra-6.0.1.tgz",
      "integrity": "sha512-GnyIkKhhzXZUWFCaJzvyDLEEgDkPfb4/TPvJCJVuS8MWZgoSsErf++QpiAlDnKFcqhRlm+tIOcencCjyJE6ZCA==",
      "dev": true,
      "requires": {
        "graceful-fs": "^4.1.2",
        "jsonfile": "^4.0.0",
        "universalify": "^0.1.0"
      }
    },
    "graceful-fs": {
      "version": "4.2.3",
      "resolved": "https://registry.npmjs.org/graceful-fs/-/graceful-fs-4.2.3.tgz",
      "integrity": "sha512-a30VEBm4PEdx1dRB7MFK7BejejvCvBronbLjht+sHuGYj8PHs7M/5Z+rt5lw551vZ7yfTCj4Vuyy3mSJytDWRQ==",
      "dev": true
    },
    "indent-string": {
      "version": "4.0.0",
      "resolved": "https://registry.npmjs.org/indent-string/-/indent-string-4.0.0.tgz",
      "integrity": "sha512-EdDDZu4A2OyIK7Lr/2zG+w5jmbuk1DVBnEwREQvBzspBJkCEbRa8GxU1lghYcaGJCnRWibjDXlq779X1/y5xwg==",
      "dev": true
    },
    "inline-js": {
      "version": "0.8.0",
      "resolved": "https://registry.npmjs.org/inline-js/-/inline-js-0.8.0.tgz",
      "integrity": "sha512-Yl3CmHZaP1ITaikdT8Ks89xCJ3a6Xr2GdMls+jn3havN9AtoAgy1r/r5qKPijHs1wo7tCR6j8x5aaopx1Zvgtw==",
      "dev": true,
      "requires": {
        "config-locator": "^0.1.0",
        "fs-extra": "^6.0.1",
        "inline-js-core": "^0.4.0",
        "inline-js-default-resources": "^0.1.0",
        "inline-js-default-transforms": "^0.1.1",
        "neodoc": "^2.0.0",
        "treeify": "^1.1.0"
      },
      "dependencies": {
        "inline-js-core": {
          "version": "0.4.1",
          "resolved": "https://registry.npmjs.org/inline-js-core/-/inline-js-core-0.4.1.tgz",
          "integrity": "sha512-/yaCBrgYl3D63NK99N570MDLFVt4EAxWL99NLjaUSBlsBXUt0usGZAet4ksPB75Dx6FGC32XTRN88Jkrb58V9g==",
          "dev": true,
          "requires": {
            "js-tokens": "^4.0.0"
          }
        }
      }
    },
    "inline-js-core": {
      "version": "0.5.0",
      "resolved": "https://registry.npmjs.org/inline-js-core/-/inline-js-core-0.5.0.tgz",
      "integrity": "sha512-/TcYfk7byWm2rKbQ1eeVpGh5ChxYshz6yXmoa3fM054QWz/wxvywnSv3WUqpA/8kcbrLdwNEQyj/WcQj8q6yfQ==",
      "dev": true,
      "requires": {
        "js-tokens": "^4.0.0"
      }
    },
    "inline-js-default-resources": {
      "version": "0.1.0",
      "resolved": "https://registry.npmjs.org/inline-js-default-resources/-/inline-js-default-resources-0.1.0.tgz",
      "integrity": "sha512-Zg4O99s4sjW+1KBNRKZb7iMrnKTvQ0Jl0cXR0407v4b1bqWPQsuHnuiBYJYzHIEsWmbrna/49wkXzEjQOaTZGQ==",
      "dev": true,
      "requires": {
        "is-binary-path": "^2.0.0"
      }
    },
    "inline-js-default-transforms": {
      "version": "0.1.1",
      "resolved": "https://registry.npmjs.org/inline-js-default-transforms/-/inline-js-default-transforms-0.1.1.tgz",
      "integrity": "sha512-S2h8tMEES/X4k/gDmNLLyWWsYYkVyKdLOEyfn7DL555jtLwpMsEMVeU7BdFFp/K6DWPnJnYC4E6qDr8Ne5zGaQ==",
      "dev": true,
      "requires": {
        "clean-css": "^4.1.11",
        "mime": "^2.3.1"
      }
    },
    "is-binary-path": {
      "version": "2.1.0",
      "resolved": "https://registry.npmjs.org/is-binary-path/-/is-binary-path-2.1.0.tgz",
      "integrity": "sha512-ZMERYes6pDydyuGidse7OsHxtbI7WVeUEozgR/g7rd0xUimYNlvZRE/K2MgZTjWy725IfelLeVcEM97mmtRGXw==",
      "dev": true,
      "requires": {
        "binary-extensions": "^2.0.0"
      }
    },
    "js-tokens": {
      "version": "4.0.0",
      "resolved": "https://registry.npmjs.org/js-tokens/-/js-tokens-4.0.0.tgz",
      "integrity": "sha512-RdJUflcE3cUzKiMqQgsCu06FPu9UdIJO0beYbPhHN4k6apgJtifcoCtT9bcxOpYBtpD2kCM6Sbzg4CausW/PKQ==",
      "dev": true
    },
    "jsonfile": {
      "version": "4.0.0",
      "resolved": "https://registry.npmjs.org/jsonfile/-/jsonfile-4.0.0.tgz",
      "integrity": "sha1-h3Gq4HmbZAdrdmQPygWPnBDjPss=",
      "dev": true,
      "requires": {
        "graceful-fs": "^4.1.6"
      }
    },
    "mime": {
      "version": "2.4.4",
      "resolved": "https://registry.npmjs.org/mime/-/mime-2.4.4.tgz",
      "integrity": "sha512-LRxmNwziLPT828z+4YkNzloCFC2YM4wrB99k+AV5ZbEyfGNWfG8SO1FUXLmLDBSo89NrJZ4DIWeLjy1CHGhMGA==",
      "dev": true
    },
    "neodoc": {
      "version": "2.0.2",
      "resolved": "https://registry.npmjs.org/neodoc/-/neodoc-2.0.2.tgz",
      "integrity": "sha512-NAppJ0YecKWdhSXFYCHbo6RutiX8vOt/Jo3l46mUg6pQlpJNaqc5cGxdrW2jITQm5JIYySbFVPDl3RrREXNyPw==",
      "dev": true,
      "requires": {
        "ansi-regex": "^2.0.0"
      }
    },
    "node-require-async": {
      "version": "0.2.0",
      "resolved": "https://registry.npmjs.org/node-require-async/-/node-require-async-0.2.0.tgz",
      "integrity": "sha512-N/MiIt1zMRxvNnHDprOGqZmNmgc1LBqtpKya/V7GrIXdPaUFMis20WUtajkwdrb1ddtZ4Qhr7JsW+/u8ZDtETg==",
      "dev": true
    },
    "source-map": {
      "version": "0.6.1",
      "resolved": "https://registry.npmjs.org/source-map/-/source-map-0.6.1.tgz",
      "integrity": "sha512-UjgapumWlbMhkBgzT7Ykc5YXUT46F0iKu8SGXq0bcwP5dz/h0Plj6enJqjz1Zbq2l5WaqYnrVbwWOWMyF3F47g==",
      "dev": true
    },
    "treeify": {
      "version": "1.1.0",
      "resolved": "https://registry.npmjs.org/treeify/-/treeify-1.1.0.tgz",
      "integrity": "sha512-1m4RA7xVAJrSGrrXGs0L3YTwyvBs2S8PbRHaLZAkFw7JR8oIFwYtysxlBZhYIa7xSyiYJKZ3iGrrk55cGA3i9A==",
      "dev": true
    },
    "universalify": {
      "version": "0.1.2",
      "resolved": "https://registry.npmjs.org/universalify/-/universalify-0.1.2.tgz",
      "integrity": "sha512-rBJeI5CXAlmy1pV+617WB9J63U6XcazHHF2f2dbJix4XzpUF0RS3Zbj0FGIOCAva5P/d/GBOYaACQ1w+0azUkg==",
      "dev": true
    }
  }
}
