{
  "name": "google-search-sidebar",
  "version": "0.3.0",
  "lockfileVersion": 1,
  "requires": true,
  "dependencies": {
    "ansi-regex": {
      "version": "2.1.1",
      "resolved": "https://registry.npmjs.org/ansi-regex/-/ansi-regex-2.1.1.tgz",
      "integrity": "sha1-w7M6te42DYbg5ijwRorn7yfWVN8=",
      "dev": true
    },
    "asyncro": {
      "version": "2.0.1",
      "resolved": "https://registry.npmjs.org/asyncro/-/asyncro-2.0.1.tgz",
      "integrity": "sha1-RBeDwTTQ4TWIr4lL1PjRyDRjDV0=",
      "dev": true
    },
    "binary-extensions": {
      "version": "1.10.0",
      "resolved": "https://registry.npmjs.org/binary-extensions/-/binary-extensions-1.10.0.tgz",
      "integrity": "sha1-muuabF6IY4qtFx4Wf1kAq+JINdA=",
      "dev": true
    },
    "graceful-fs": {
      "version": "4.1.11",
      "resolved": "https://registry.npmjs.org/graceful-fs/-/graceful-fs-4.1.11.tgz",
      "integrity": "sha1-Dovf5NHduIVNZOBOp8AOKgJuVlg=",
      "dev": true
    },
    "indent-string": {
      "version": "3.2.0",
      "resolved": "https://registry.npmjs.org/indent-string/-/indent-string-3.2.0.tgz",
      "integrity": "sha1-Sl/W0nzDMvN+VBmlBNu4NxBckok=",
      "dev": true
    },
    "inline-js": {
      "version": "0.6.0",
      "resolved": "https://registry.npmjs.org/inline-js/-/inline-js-0.6.0.tgz",
      "integrity": "sha512-Xh8w7+W7erBmPVVY6in/4p6m5Q4GER3Beqc0gSfhSViJDMy8X8GqZXuxookqlCZEe/Uaqzm9hzvZbO330+sFaQ==",
      "dev": true,
      "requires": {
        "asyncro": "2.0.1",
        "clean-css": "4.1.9",
        "fs-extra": "5.0.0",
        "is-binary-path": "2.0.0",
        "js-tokens": "3.0.2",
        "mime": "2.2.0",
        "neodoc": "1.4.0",
        "treeify": "1.0.1"
      },
      "dependencies": {
        "clean-css": {
          "version": "4.1.9",
          "resolved": "https://registry.npmjs.org/clean-css/-/clean-css-4.1.9.tgz",
          "integrity": "sha1-Nc7ornaHpJuYA09w3gDE7dOCYwE=",
          "dev": true,
          "requires": {
            "source-map": "0.5.7"
          }
        },
        "fs-extra": {
          "version": "5.0.0",
          "resolved": "https://registry.npmjs.org/fs-extra/-/fs-extra-5.0.0.tgz",
          "integrity": "sha512-66Pm4RYbjzdyeuqudYqhFiNBbCIuI9kgRqLPSHIlXHidW8NIQtVdkM1yeZ4lXwuhbTETv3EUGMNHAAw6hiundQ==",
          "dev": true,
          "requires": {
            "graceful-fs": "4.1.11",
            "jsonfile": "4.0.0",
            "universalify": "0.1.1"
          }
        },
        "jsonfile": {
          "version": "4.0.0",
          "resolved": "https://registry.npmjs.org/jsonfile/-/jsonfile-4.0.0.tgz",
          "integrity": "sha1-h3Gq4HmbZAdrdmQPygWPnBDjPss=",
          "dev": true,
          "requires": {
            "graceful-fs": "4.1.11"
          }
        },
        "mime": {
          "version": "2.2.0",
          "resolved": "https://registry.npmjs.org/mime/-/mime-2.2.0.tgz",
          "integrity": "sha512-0Qz9uF1ATtl8RKJG4VRfOymh7PyEor6NbrI/61lRfuRe4vx9SNATrvAeTj2EWVRKjEQGskrzWkJBBY5NbaVHIA==",
          "dev": true
        },
        "source-map": {
          "version": "0.5.7",
          "resolved": "https://registry.npmjs.org/source-map/-/source-map-0.5.7.tgz",
          "integrity": "sha1-igOdLRAh0i0eoUyA2OpGi6LvP8w=",
          "dev": true
        }
      }
    },
    "is-binary-path": {
      "version": "2.0.0",
      "resolved": "https://registry.npmjs.org/is-binary-path/-/is-binary-path-2.0.0.tgz",
      "integrity": "sha1-DmHOppdLJN2ovMg2bOWKaSZdGjY=",
      "dev": true,
      "requires": {
        "binary-extensions": "1.10.0"
      }
    },
    "js-tokens": {
      "version": "3.0.2",
      "resolved": "https://registry.npmjs.org/js-tokens/-/js-tokens-3.0.2.tgz",
      "integrity": "sha1-mGbfOVECEw449/mWvOtlRDIJwls=",
      "dev": true
    },
    "neodoc": {
      "version": "1.4.0",
      "resolved": "https://registry.npmjs.org/neodoc/-/neodoc-1.4.0.tgz",
      "integrity": "sha1-Uwyph33gcp/9XWQg+1KxBPCIjQU=",
      "dev": true,
      "requires": {
        "ansi-regex": "2.1.1"
      }
    },
    "treeify": {
      "version": "1.0.1",
      "resolved": "https://registry.npmjs.org/treeify/-/treeify-1.0.1.tgz",
      "integrity": "sha1-abPNAiAioWhCTnz6HO1EyTnT6y8=",
      "dev": true
    },
    "universalify": {
      "version": "0.1.1",
      "resolved": "https://registry.npmjs.org/universalify/-/universalify-0.1.1.tgz",
      "integrity": "sha1-+nG63UQ3r0wUiEHjs7Fl+enlkLc=",
      "dev": true
    }
  }
}
